// !$*UTF8*$!
{
	archiveVersion = 1;
	classes = {
	};
	objectVersion = 46;
	objects = {

/* Begin PBXBuildFile section */
		C4E506D9DE61C5B742ED8645 /* Pods_FlapjackBeta.framework in Frameworks */ = {isa = PBXBuildFile; fileRef = 4BBA6C64C713028727CB66A6 /* Pods_FlapjackBeta.framework */; };
		E2086CA81D12F9DF00434BF2 /* AppDelegate.swift in Sources */ = {isa = PBXBuildFile; fileRef = E2086CA71D12F9DF00434BF2 /* AppDelegate.swift */; };
		E2086CAD1D12F9DF00434BF2 /* Main.storyboard in Resources */ = {isa = PBXBuildFile; fileRef = E2086CAB1D12F9DF00434BF2 /* Main.storyboard */; };
		E2086CAF1D12F9DF00434BF2 /* Assets.xcassets in Resources */ = {isa = PBXBuildFile; fileRef = E2086CAE1D12F9DF00434BF2 /* Assets.xcassets */; };
		E2086D051D146D8900434BF2 /* CustomHeaderCell.swift in Sources */ = {isa = PBXBuildFile; fileRef = E2086D041D146D8900434BF2 /* CustomHeaderCell.swift */; };
		E2086D071D14730100434BF2 /* ProjectViewController.swift in Sources */ = {isa = PBXBuildFile; fileRef = E2086D061D14730100434BF2 /* ProjectViewController.swift */; };
		E2086D091D148D4900434BF2 /* CommentTableViewCell.swift in Sources */ = {isa = PBXBuildFile; fileRef = E2086D081D148D4900434BF2 /* CommentTableViewCell.swift */; };
		E2086D0C1D148DA500434BF2 /* ProjectTableViewCell.swift in Sources */ = {isa = PBXBuildFile; fileRef = E2086D0B1D148DA500434BF2 /* ProjectTableViewCell.swift */; };
		E2086D0E1D1490D000434BF2 /* Project.swift in Sources */ = {isa = PBXBuildFile; fileRef = E2086D0D1D1490D000434BF2 /* Project.swift */; };
		E2086D111D14941800434BF2 /* User.swift in Sources */ = {isa = PBXBuildFile; fileRef = E2086D101D14941800434BF2 /* User.swift */; };
		E2086D131D1496B600434BF2 /* Comment.swift in Sources */ = {isa = PBXBuildFile; fileRef = E2086D121D1496B600434BF2 /* Comment.swift */; };
		E25CE6B11D14B4B300B82774 /* GoogleService-Info.plist in Resources */ = {isa = PBXBuildFile; fileRef = E25CE6B01D14B4B300B82774 /* GoogleService-Info.plist */; };
		E25CE6B31D14B64700B82774 /* ProjectDetailTableViewController.swift in Sources */ = {isa = PBXBuildFile; fileRef = E25CE6B21D14B64700B82774 /* ProjectDetailTableViewController.swift */; };
/* End PBXBuildFile section */

/* Begin PBXFileReference section */
		0CEB48C76170CAF82A759AED /* Pods-FlapjackBeta.release.xcconfig */ = {isa = PBXFileReference; includeInIndex = 1; lastKnownFileType = text.xcconfig; name = "Pods-FlapjackBeta.release.xcconfig"; path = "Pods/Target Support Files/Pods-FlapjackBeta/Pods-FlapjackBeta.release.xcconfig"; sourceTree = "<group>"; };
		4BBA6C64C713028727CB66A6 /* Pods_FlapjackBeta.framework */ = {isa = PBXFileReference; explicitFileType = wrapper.framework; includeInIndex = 0; path = Pods_FlapjackBeta.framework; sourceTree = BUILT_PRODUCTS_DIR; };
		9814CB23FA1AB7D9848D6302 /* Pods-FlapjackBeta.debug.xcconfig */ = {isa = PBXFileReference; includeInIndex = 1; lastKnownFileType = text.xcconfig; name = "Pods-FlapjackBeta.debug.xcconfig"; path = "Pods/Target Support Files/Pods-FlapjackBeta/Pods-FlapjackBeta.debug.xcconfig"; sourceTree = "<group>"; };
		E2086CA41D12F9DF00434BF2 /* FlapjackBeta.app */ = {isa = PBXFileReference; explicitFileType = wrapper.application; includeInIndex = 0; path = FlapjackBeta.app; sourceTree = BUILT_PRODUCTS_DIR; };
		E2086CA71D12F9DF00434BF2 /* AppDelegate.swift */ = {isa = PBXFileReference; lastKnownFileType = sourcecode.swift; path = AppDelegate.swift; sourceTree = "<group>"; };
		E2086CAC1D12F9DF00434BF2 /* Base */ = {isa = PBXFileReference; lastKnownFileType = file.storyboard; name = Base; path = Base.lproj/Main.storyboard; sourceTree = "<group>"; };
		E2086CAE1D12F9DF00434BF2 /* Assets.xcassets */ = {isa = PBXFileReference; lastKnownFileType = folder.assetcatalog; path = Assets.xcassets; sourceTree = "<group>"; };
		E2086CB31D12F9DF00434BF2 /* Info.plist */ = {isa = PBXFileReference; lastKnownFileType = text.plist.xml; path = Info.plist; sourceTree = "<group>"; };
		E2086D041D146D8900434BF2 /* CustomHeaderCell.swift */ = {isa = PBXFileReference; fileEncoding = 4; lastKnownFileType = sourcecode.swift; name = CustomHeaderCell.swift; path = ../CustomHeaderCell.swift; sourceTree = "<group>"; };
		E2086D061D14730100434BF2 /* ProjectViewController.swift */ = {isa = PBXFileReference; fileEncoding = 4; lastKnownFileType = sourcecode.swift; path = ProjectViewController.swift; sourceTree = "<group>"; };
		E2086D081D148D4900434BF2 /* CommentTableViewCell.swift */ = {isa = PBXFileReference; fileEncoding = 4; lastKnownFileType = sourcecode.swift; path = CommentTableViewCell.swift; sourceTree = "<group>"; };
		E2086D0B1D148DA500434BF2 /* ProjectTableViewCell.swift */ = {isa = PBXFileReference; fileEncoding = 4; lastKnownFileType = sourcecode.swift; path = ProjectTableViewCell.swift; sourceTree = "<group>"; };
		E2086D0D1D1490D000434BF2 /* Project.swift */ = {isa = PBXFileReference; fileEncoding = 4; lastKnownFileType = sourcecode.swift; path = Project.swift; sourceTree = "<group>"; };
		E2086D101D14941800434BF2 /* User.swift */ = {isa = PBXFileReference; fileEncoding = 4; lastKnownFileType = sourcecode.swift; path = User.swift; sourceTree = "<group>"; };
		E2086D121D1496B600434BF2 /* Comment.swift */ = {isa = PBXFileReference; fileEncoding = 4; lastKnownFileType = sourcecode.swift; path = Comment.swift; sourceTree = "<group>"; };
		E25CE6B01D14B4B300B82774 /* GoogleService-Info.plist */ = {isa = PBXFileReference; fileEncoding = 4; lastKnownFileType = text.plist.xml; path = "GoogleService-Info.plist"; sourceTree = "<group>"; };
		E25CE6B21D14B64700B82774 /* ProjectDetailTableViewController.swift */ = {isa = PBXFileReference; fileEncoding = 4; lastKnownFileType = sourcecode.swift; path = ProjectDetailTableViewController.swift; sourceTree = "<group>"; };
/* End PBXFileReference section */

/* Begin PBXFrameworksBuildPhase section */
		E2086CA11D12F9DF00434BF2 /* Frameworks */ = {
			isa = PBXFrameworksBuildPhase;
			buildActionMask = 2147483647;
			files = (
				C4E506D9DE61C5B742ED8645 /* Pods_FlapjackBeta.framework in Frameworks */,
			);
			runOnlyForDeploymentPostprocessing = 0;
		};
/* End PBXFrameworksBuildPhase section */

/* Begin PBXGroup section */
		5189835636E22D5D85A261D0 /* Frameworks */ = {
			isa = PBXGroup;
			children = (
				4BBA6C64C713028727CB66A6 /* Pods_FlapjackBeta.framework */,
			);
			name = Frameworks;
			sourceTree = "<group>";
		};
		7B6658923D2E425C9ACC5AA8 /* Pods */ = {
			isa = PBXGroup;
			children = (
				9814CB23FA1AB7D9848D6302 /* Pods-FlapjackBeta.debug.xcconfig */,
				0CEB48C76170CAF82A759AED /* Pods-FlapjackBeta.release.xcconfig */,
			);
			name = Pods;
			sourceTree = "<group>";
		};
		E2086C9B1D12F9DF00434BF2 = {
			isa = PBXGroup;
			children = (
				E2086CA61D12F9DF00434BF2 /* FlapjackBeta */,
				E2086CA51D12F9DF00434BF2 /* Products */,
				7B6658923D2E425C9ACC5AA8 /* Pods */,
				5189835636E22D5D85A261D0 /* Frameworks */,
			);
			sourceTree = "<group>";
		};
		E2086CA51D12F9DF00434BF2 /* Products */ = {
			isa = PBXGroup;
			children = (
				E2086CA41D12F9DF00434BF2 /* FlapjackBeta.app */,
			);
			name = Products;
			sourceTree = "<group>";
		};
		E2086CA61D12F9DF00434BF2 /* FlapjackBeta */ = {
			isa = PBXGroup;
			children = (
				E2086CA71D12F9DF00434BF2 /* AppDelegate.swift */,
				E2086CAB1D12F9DF00434BF2 /* Main.storyboard */,
				E2086CAE1D12F9DF00434BF2 /* Assets.xcassets */,
				E2086D0F1D14929100434BF2 /* Model */,
				E2086D0A1D148D5300434BF2 /* View Controllers */,
				E2086CB31D12F9DF00434BF2 /* Info.plist */,
				E25CE6B01D14B4B300B82774 /* GoogleService-Info.plist */,
			);
			path = FlapjackBeta;
			sourceTree = "<group>";
		};
		E2086D0A1D148D5300434BF2 /* View Controllers */ = {
			isa = PBXGroup;
			children = (
				E2086D061D14730100434BF2 /* ProjectViewController.swift */,
				E25CE6B21D14B64700B82774 /* ProjectDetailTableViewController.swift */,
				E2086D0B1D148DA500434BF2 /* ProjectTableViewCell.swift */,
				E2086D081D148D4900434BF2 /* CommentTableViewCell.swift */,
				E2086D041D146D8900434BF2 /* CustomHeaderCell.swift */,
			);
			name = "View Controllers";
			sourceTree = "<group>";
		};
		E2086D0F1D14929100434BF2 /* Model */ = {
			isa = PBXGroup;
			children = (
				E2086D0D1D1490D000434BF2 /* Project.swift */,
				E2086D101D14941800434BF2 /* User.swift */,
				E2086D121D1496B600434BF2 /* Comment.swift */,
			);
			name = Model;
			sourceTree = "<group>";
		};
/* End PBXGroup section */

/* Begin PBXNativeTarget section */
		E2086CA31D12F9DF00434BF2 /* FlapjackBeta */ = {
			isa = PBXNativeTarget;
			buildConfigurationList = E2086CB61D12F9DF00434BF2 /* Build configuration list for PBXNativeTarget "FlapjackBeta" */;
			buildPhases = (
				F22315D9F76B0A4DF8E2A241 /* [CP] Check Pods Manifest.lock */,
				E2086CA01D12F9DF00434BF2 /* Sources */,
				E2086CA11D12F9DF00434BF2 /* Frameworks */,
				E2086CA21D12F9DF00434BF2 /* Resources */,
				5CD9F0F937A2FCB90B442B8F /* [CP] Embed Pods Frameworks */,
				BC46AC993AEA3F753C0EC560 /* [CP] Copy Pods Resources */,
			);
			buildRules = (
			);
			dependencies = (
			);
			name = FlapjackBeta;
			productName = FlapjackBeta;
			productReference = E2086CA41D12F9DF00434BF2 /* FlapjackBeta.app */;
			productType = "com.apple.product-type.application";
		};
/* End PBXNativeTarget section */

/* Begin PBXProject section */
		E2086C9C1D12F9DF00434BF2 /* Project object */ = {
			isa = PBXProject;
			attributes = {
				LastSwiftUpdateCheck = 0730;
				LastUpgradeCheck = 0730;
				ORGANIZATIONNAME = "Hartley Development";
				TargetAttributes = {
					E2086CA31D12F9DF00434BF2 = {
						CreatedOnToolsVersion = 7.3.1;
					};
				};
			};
			buildConfigurationList = E2086C9F1D12F9DF00434BF2 /* Build configuration list for PBXProject "FlapjackBeta" */;
			compatibilityVersion = "Xcode 3.2";
			developmentRegion = English;
			hasScannedForEncodings = 0;
			knownRegions = (
				en,
				Base,
			);
			mainGroup = E2086C9B1D12F9DF00434BF2;
			productRefGroup = E2086CA51D12F9DF00434BF2 /* Products */;
			projectDirPath = "";
			projectRoot = "";
			targets = (
				E2086CA31D12F9DF00434BF2 /* FlapjackBeta */,
			);
		};
/* End PBXProject section */

/* Begin PBXResourcesBuildPhase section */
		E2086CA21D12F9DF00434BF2 /* Resources */ = {
			isa = PBXResourcesBuildPhase;
			buildActionMask = 2147483647;
			files = (
				E2086CAF1D12F9DF00434BF2 /* Assets.xcassets in Resources */,
				E2086CAD1D12F9DF00434BF2 /* Main.storyboard in Resources */,
				E25CE6B11D14B4B300B82774 /* GoogleService-Info.plist in Resources */,
			);
			runOnlyForDeploymentPostprocessing = 0;
		};
/* End PBXResourcesBuildPhase section */

/* Begin PBXShellScriptBuildPhase section */
		5CD9F0F937A2FCB90B442B8F /* [CP] Embed Pods Frameworks */ = {
			isa = PBXShellScriptBuildPhase;
			buildActionMask = 2147483647;
			files = (
			);
			inputPaths = (
			);
			name = "[CP] Embed Pods Frameworks";
			outputPaths = (
			);
			runOnlyForDeploymentPostprocessing = 0;
			shellPath = /bin/sh;
			shellScript = "\"${SRCROOT}/Pods/Target Support Files/Pods-FlapjackBeta/Pods-FlapjackBeta-frameworks.sh\"\n";
			showEnvVarsInLog = 0;
		};
		BC46AC993AEA3F753C0EC560 /* [CP] Copy Pods Resources */ = {
			isa = PBXShellScriptBuildPhase;
			buildActionMask = 2147483647;
			files = (
			);
			inputPaths = (
			);
			name = "[CP] Copy Pods Resources";
			outputPaths = (
			);
			runOnlyForDeploymentPostprocessing = 0;
			shellPath = /bin/sh;
			shellScript = "\"${SRCROOT}/Pods/Target Support Files/Pods-FlapjackBeta/Pods-FlapjackBeta-resources.sh\"\n";
			showEnvVarsInLog = 0;
		};
		F22315D9F76B0A4DF8E2A241 /* [CP] Check Pods Manifest.lock */ = {
			isa = PBXShellScriptBuildPhase;
			buildActionMask = 2147483647;
			files = (
			);
			inputPaths = (
			);
			name = "[CP] Check Pods Manifest.lock";
			outputPaths = (
			);
			runOnlyForDeploymentPostprocessing = 0;
			shellPath = /bin/sh;
			shellScript = "diff \"${PODS_ROOT}/../Podfile.lock\" \"${PODS_ROOT}/Manifest.lock\" > /dev/null\nif [[ $? != 0 ]] ; then\n    cat << EOM\nerror: The sandbox is not in sync with the Podfile.lock. Run 'pod install' or update your CocoaPods installation.\nEOM\n    exit 1\nfi\n";
			showEnvVarsInLog = 0;
		};
/* End PBXShellScriptBuildPhase section */

/* Begin PBXSourcesBuildPhase section */
		E2086CA01D12F9DF00434BF2 /* Sources */ = {
			isa = PBXSourcesBuildPhase;
			buildActionMask = 2147483647;
			files = (
				E2086D0C1D148DA500434BF2 /* ProjectTableViewCell.swift in Sources */,
				E2086D071D14730100434BF2 /* ProjectViewController.swift in Sources */,
				E2086CA81D12F9DF00434BF2 /* AppDelegate.swift in Sources */,
				E2086D131D1496B600434BF2 /* Comment.swift in Sources */,
				E25CE6B31D14B64700B82774 /* ProjectDetailTableViewController.swift in Sources */,
				E2086D051D146D8900434BF2 /* CustomHeaderCell.swift in Sources */,
				E2086D091D148D4900434BF2 /* CommentTableViewCell.swift in Sources */,
				E2086D0E1D1490D000434BF2 /* Project.swift in Sources */,
				E2086D111D14941800434BF2 /* User.swift in Sources */,
			);
			runOnlyForDeploymentPostprocessing = 0;
		};
/* End PBXSourcesBuildPhase section */

/* Begin PBXVariantGroup section */
		E2086CAB1D12F9DF00434BF2 /* Main.storyboard */ = {
			isa = PBXVariantGroup;
			children = (
				E2086CAC1D12F9DF00434BF2 /* Base */,
			);
			name = Main.storyboard;
			sourceTree = "<group>";
		};
/* End PBXVariantGroup section */

/* Begin XCBuildConfiguration section */
		E2086CB41D12F9DF00434BF2 /* Debug */ = {
			isa = XCBuildConfiguration;
			buildSettings = {
				ALWAYS_SEARCH_USER_PATHS = NO;
				CLANG_ANALYZER_NONNULL = YES;
				CLANG_CXX_LANGUAGE_STANDARD = "gnu++0x";
				CLANG_CXX_LIBRARY = "libc++";
				CLANG_ENABLE_MODULES = YES;
				CLANG_ENABLE_OBJC_ARC = YES;
				CLANG_WARN_BOOL_CONVERSION = YES;
				CLANG_WARN_CONSTANT_CONVERSION = YES;
				CLANG_WARN_DIRECT_OBJC_ISA_USAGE = YES_ERROR;
				CLANG_WARN_EMPTY_BODY = YES;
				CLANG_WARN_ENUM_CONVERSION = YES;
				CLANG_WARN_INT_CONVERSION = YES;
				CLANG_WARN_OBJC_ROOT_CLASS = YES_ERROR;
				CLANG_WARN_UNREACHABLE_CODE = YES;
				CLANG_WARN__DUPLICATE_METHOD_MATCH = YES;
				"CODE_SIGN_IDENTITY[sdk=iphoneos*]" = "iPhone Developer";
				COPY_PHASE_STRIP = NO;
				DEBUG_INFORMATION_FORMAT = dwarf;
				ENABLE_STRICT_OBJC_MSGSEND = YES;
				ENABLE_TESTABILITY = YES;
				GCC_C_LANGUAGE_STANDARD = gnu99;
				GCC_DYNAMIC_NO_PIC = NO;
				GCC_NO_COMMON_BLOCKS = YES;
				GCC_OPTIMIZATION_LEVEL = 0;
				GCC_PREPROCESSOR_DEFINITIONS = (
					"DEBUG=1",
					"$(inherited)",
				);
				GCC_WARN_64_TO_32_BIT_CONVERSION = YES;
				GCC_WARN_ABOUT_RETURN_TYPE = YES_ERROR;
				GCC_WARN_UNDECLARED_SELECTOR = YES;
				GCC_WARN_UNINITIALIZED_AUTOS = YES_AGGRESSIVE;
				GCC_WARN_UNUSED_FUNCTION = YES;
				GCC_WARN_UNUSED_VARIABLE = YES;
				IPHONEOS_DEPLOYMENT_TARGET = 9.3;
				MTL_ENABLE_DEBUG_INFO = YES;
				ONLY_ACTIVE_ARCH = YES;
				SDKROOT = iphoneos;
				SWIFT_OPTIMIZATION_LEVEL = "-Onone";
				TARGETED_DEVICE_FAMILY = "1,2";
			};
			name = Debug;
		};
		E2086CB51D12F9DF00434BF2 /* Release */ = {
			isa = XCBuildConfiguration;
			buildSettings = {
				ALWAYS_SEARCH_USER_PATHS = NO;
				CLANG_ANALYZER_NONNULL = YES;
				CLANG_CXX_LANGUAGE_STANDARD = "gnu++0x";
				CLANG_CXX_LIBRARY = "libc++";
				CLANG_ENABLE_MODULES = YES;
				CLANG_ENABLE_OBJC_ARC = YES;
				CLANG_WARN_BOOL_CONVERSION = YES;
				CLANG_WARN_CONSTANT_CONVERSION = YES;
				CLANG_WARN_DIRECT_OBJC_ISA_USAGE = YES_ERROR;
				CLANG_WARN_EMPTY_BODY = YES;
				CLANG_WARN_ENUM_CONVERSION = YES;
				CLANG_WARN_INT_CONVERSION = YES;
				CLANG_WARN_OBJC_ROOT_CLASS = YES_ERROR;
				CLANG_WARN_UNREACHABLE_CODE = YES;
				CLANG_WARN__DUPLICATE_METHOD_MATCH = YES;
				"CODE_SIGN_IDENTITY[sdk=iphoneos*]" = "iPhone Developer";
				COPY_PHASE_STRIP = NO;
				DEBUG_INFORMATION_FORMAT = "dwarf-with-dsym";
				ENABLE_NS_ASSERTIONS = NO;
				ENABLE_STRICT_OBJC_MSGSEND = YES;
				GCC_C_LANGUAGE_STANDARD = gnu99;
				GCC_NO_COMMON_BLOCKS = YES;
				GCC_WARN_64_TO_32_BIT_CONVERSION = YES;
				GCC_WARN_ABOUT_RETURN_TYPE = YES_ERROR;
				GCC_WARN_UNDECLARED_SELECTOR = YES;
				GCC_WARN_UNINITIALIZED_AUTOS = YES_AGGRESSIVE;
				GCC_WARN_UNUSED_FUNCTION = YES;
				GCC_WARN_UNUSED_VARIABLE = YES;
				IPHONEOS_DEPLOYMENT_TARGET = 9.3;
				MTL_ENABLE_DEBUG_INFO = NO;
				SDKROOT = iphoneos;
				TARGETED_DEVICE_FAMILY = "1,2";
				VALIDATE_PRODUCT = YES;
			};
			name = Release;
		};
		E2086CB71D12F9DF00434BF2 /* Debug */ = {
			isa = XCBuildConfiguration;
			baseConfigurationReference = 9814CB23FA1AB7D9848D6302 /* Pods-FlapjackBeta.debug.xcconfig */;
			buildSettings = {
				ASSETCATALOG_COMPILER_APPICON_NAME = AppIcon;
				CLANG_ENABLE_MODULES = YES;
				INFOPLIST_FILE = FlapjackBeta/Info.plist;
				LD_RUNPATH_SEARCH_PATHS = "$(inherited) @executable_path/Frameworks";
				PRODUCT_BUNDLE_IDENTIFIER = com.example.FlapjackBeta;
				PRODUCT_NAME = "$(TARGET_NAME)";
				SWIFT_OPTIMIZATION_LEVEL = "-Onone";
			};
			name = Debug;
		};
		E2086CB81D12F9DF00434BF2 /* Release */ = {
			isa = XCBuildConfiguration;
			baseConfigurationReference = 0CEB48C76170CAF82A759AED /* Pods-FlapjackBeta.release.xcconfig */;
			buildSettings = {
				ASSETCATALOG_COMPILER_APPICON_NAME = AppIcon;
				CLANG_ENABLE_MODULES = YES;
				INFOPLIST_FILE = FlapjackBeta/Info.plist;
				LD_RUNPATH_SEARCH_PATHS = "$(inherited) @executable_path/Frameworks";
				PRODUCT_BUNDLE_IDENTIFIER = com.example.FlapjackBeta;
				PRODUCT_NAME = "$(TARGET_NAME)";
			};
			name = Release;
		};
/* End XCBuildConfiguration section */

/* Begin XCConfigurationList section */
		E2086C9F1D12F9DF00434BF2 /* Build configuration list for PBXProject "FlapjackBeta" */ = {
			isa = XCConfigurationList;
			buildConfigurations = (
				E2086CB41D12F9DF00434BF2 /* Debug */,
				E2086CB51D12F9DF00434BF2 /* Release */,
			);
			defaultConfigurationIsVisible = 0;
			defaultConfigurationName = Release;
		};
		E2086CB61D12F9DF00434BF2 /* Build configuration list for PBXNativeTarget "FlapjackBeta" */ = {
			isa = XCConfigurationList;
			buildConfigurations = (
				E2086CB71D12F9DF00434BF2 /* Debug */,
				E2086CB81D12F9DF00434BF2 /* Release */,
			);
			defaultConfigurationIsVisible = 0;
			defaultConfigurationName = Release;
		};
/* End XCConfigurationList section */
	};
	rootObject = E2086C9C1D12F9DF00434BF2 /* Project object */;
}
